<?xml version="1.0" encoding="utf-8"?>
<Project ToolsVersion="4.0" xmlns="http://schemas.microsoft.com/developer/msbuild/2003">
  <ItemGroup>
    <Filter Include="Source Files">
      <UniqueIdentifier>{4FC737F1-C7A5-4376-A066-2A32D752A2FF}</UniqueIdentifier>
      <Extensions>cpp;c;cc;cxx;c++;cppm;ixx;def;odl;idl;hpj;bat;asm;asmx</Extensions>
    </Filter>
    <Filter Include="Header Files">
      <UniqueIdentifier>{93995380-89BD-4b04-88EB-625FBE52EBFB}</UniqueIdentifier>
      <Extensions>h;hh;hpp;hxx;h++;hm;inl;inc;ipp;xsd</Extensions>
    </Filter>
    <Filter Include="kernels">
      <UniqueIdentifier>{b47cd967-10fb-4c33-90a4-371cbdf473e8}</UniqueIdentifier>
    </Filter>
  </ItemGroup>
  <ItemGroup>
    <ClInclude Include="MandelbrotRendererAPI.h">
      <Filter>Header Files</Filter>
    </ClInclude>
    <ClInclude Include="Complex.h">
      <Filter>Header Files</Filter>
    </ClInclude>
    <ClInclude Include="MandelbrotSet.h">
      <Filter>Header Files</Filter>
    </ClInclude>
    <ClInclude Include="MandelbrotSetCL.h">
      <Filter>Header Files</Filter>
    </ClInclude>
    <ClInclude Include="cached_memory.h">
      <Filter>Header Files</Filter>
    </ClInclude>
    <ClInclude Include="fractal.h">
      <Filter>Header Files</Filter>
    </ClInclude>
    <ClInclude Include="palette.h">
      <Filter>Header Files</Filter>
    </ClInclude>
    <ClInclude Include="kernel_amp.h">
      <Filter>kernels</Filter>
    </ClInclude>
    <ClInclude Include="kernel_cpu.h">
      <Filter>kernels</Filter>
    </ClInclude>
    <ClInclude Include="kernel_cuda.h">
      <Filter>kernels</Filter>
    </ClInclude>
  </ItemGroup>
  <ItemGroup>
    <ClCompile Include="dllmain.cpp">
      <Filter>Source Files</Filter>
    </ClCompile>
    <ClCompile Include="MandelbrotRendererAPI.cpp">
      <Filter>Source Files</Filter>
    </ClCompile>
    <ClCompile Include="palette.cpp">
      <Filter>Source Files</Filter>
    </ClCompile>
    <ClCompile Include="Complex.cpp">
      <Filter>Source Files</Filter>
    </ClCompile>
    <ClCompile Include="kernel_cpu.cpp">
      <Filter>kernels</Filter>
    </ClCompile>
    <ClCompile Include="kernel_amp.cpp">
      <Filter>kernels</Filter>
    </ClCompile>
  </ItemGroup>
</Project>